
Microsoft Visual Studio Solution File, Format Version 12.00
# Visual Studio 15
VisualStudioVersion = 15.0.28307.106
MinimumVisualStudioVersion = 10.0.40219.1
Project("{FAE04EC0-301F-11D3-BF4B-00C04F79EFBC}") = "Directorio.Android", "Directorio\Directorio.Android\Directorio.Android.csproj", "{95BA2FC4-200C-46E7-9D04-CA8E412F1B6B}"
EndProject
Project("{FAE04EC0-301F-11D3-BF4B-00C04F79EFBC}") = "Directorio.iOS", "Directorio\Directorio.iOS\Directorio.iOS.csproj", "{C5661A17-2C29-449A-A97A-99077F00C56A}"
EndProject
Project("{FAE04EC0-301F-11D3-BF4B-00C04F79EFBC}") = "Directorio.UWP", "Directorio\Directorio.UWP\Directorio.UWP.csproj", "{A51671F2-F1F9-4074-AA40-E2696757FEB3}"
EndProject
Project("{FAE04EC0-301F-11D3-BF4B-00C04F79EFBC}") = "Directorio", "Directorio\Directorio\Directorio.csproj", "{BE5132D6-4867-4861-B978-676929E07107}"
EndProject
Global
	GlobalSection(SolutionConfigurationPlatforms) = preSolution
		Ad-Hoc|Any CPU = Ad-Hoc|Any CPU
		Ad-Hoc|ARM = Ad-Hoc|ARM
		Ad-Hoc|iPhone = Ad-Hoc|iPhone
		Ad-Hoc|iPhoneSimulator = Ad-Hoc|iPhoneSimulator
		Ad-Hoc|x64 = Ad-Hoc|x64
		Ad-Hoc|x86 = Ad-Hoc|x86
		AppStore|Any CPU = AppStore|Any CPU
		AppStore|ARM = AppStore|ARM
		AppStore|iPhone = AppStore|iPhone
		AppStore|iPhoneSimulator = AppStore|iPhoneSimulator
		AppStore|x64 = AppStore|x64
		AppStore|x86 = AppStore|x86
		Debug|Any CPU = Debug|Any CPU
		Debug|ARM = Debug|ARM
		Debug|iPhone = Debug|iPhone
		Debug|iPhoneSimulator = Debug|iPhoneSimulator
		Debug|x64 = Debug|x64
		Debug|x86 = Debug|x86
		Release|Any CPU = Release|Any CPU
		Release|ARM = Release|ARM
		Release|iPhone = Release|iPhone
		Release|iPhoneSimulator = Release|iPhoneSimulator
		Release|x64 = Release|x64
		Release|x86 = Release|x86
	EndGlobalSection
	GlobalSection(ProjectConfigurationPlatforms) = postSolution
		{95BA2FC4-200C-46E7-9D04-CA8E412F1B6B}.Ad-Hoc|Any CPU.ActiveCfg = Release|Any CPU
		{95BA2FC4-200C-46E7-9D04-CA8E412F1B6B}.Ad-Hoc|Any CPU.Build.0 = Release|Any CPU
		{95BA2FC4-200C-46E7-9D04-CA8E412F1B6B}.Ad-Hoc|Any CPU.Deploy.0 = Release|Any CPU
		{95BA2FC4-200C-46E7-9D04-CA8E412F1B6B}.Ad-Hoc|ARM.ActiveCfg = Release|Any CPU
		{95BA2FC4-200C-46E7-9D04-CA8E412F1B6B}.Ad-Hoc|ARM.Build.0 = Release|Any CPU
		{95BA2FC4-200C-46E7-9D04-CA8E412F1B6B}.Ad-Hoc|ARM.Deploy.0 = Release|Any CPU
		{95BA2FC4-200C-46E7-9D04-CA8E412F1B6B}.Ad-Hoc|iPhone.ActiveCfg = Release|Any CPU
		{95BA2FC4-200C-46E7-9D04-CA8E412F1B6B}.Ad-Hoc|iPhone.Build.0 = Release|Any CPU
		{95BA2FC4-200C-46E7-9D04-CA8E412F1B6B}.Ad-Hoc|iPhone.Deploy.0 = Release|Any CPU
		{95BA2FC4-200C-46E7-9D04-CA8E412F1B6B}.Ad-Hoc|iPhoneSimulator.ActiveCfg = Release|Any CPU
		{95BA2FC4-200C-46E7-9D04-CA8E412F1B6B}.Ad-Hoc|iPhoneSimulator.Build.0 = Release|Any CPU
		{95BA2FC4-200C-46E7-9D04-CA8E412F1B6B}.Ad-Hoc|iPhoneSimulator.Deploy.0 = Release|Any CPU
		{95BA2FC4-200C-46E7-9D04-CA8E412F1B6B}.Ad-Hoc|x64.ActiveCfg = Release|Any CPU
		{95BA2FC4-200C-46E7-9D04-CA8E412F1B6B}.Ad-Hoc|x64.Build.0 = Release|Any CPU
		{95BA2FC4-200C-46E7-9D04-CA8E412F1B6B}.Ad-Hoc|x64.Deploy.0 = Release|Any CPU
		{95BA2FC4-200C-46E7-9D04-CA8E412F1B6B}.Ad-Hoc|x86.ActiveCfg = Release|Any CPU
		{95BA2FC4-200C-46E7-9D04-CA8E412F1B6B}.Ad-Hoc|x86.Build.0 = Release|Any CPU
		{95BA2FC4-200C-46E7-9D04-CA8E412F1B6B}.Ad-Hoc|x86.Deploy.0 = Release|Any CPU
		{95BA2FC4-200C-46E7-9D04-CA8E412F1B6B}.AppStore|Any CPU.ActiveCfg = Release|Any CPU
		{95BA2FC4-200C-46E7-9D04-CA8E412F1B6B}.AppStore|Any CPU.Build.0 = Release|Any CPU
		{95BA2FC4-200C-46E7-9D04-CA8E412F1B6B}.AppStore|Any CPU.Deploy.0 = Release|Any CPU
		{95BA2FC4-200C-46E7-9D04-CA8E412F1B6B}.AppStore|ARM.ActiveCfg = Release|Any CPU
		{95BA2FC4-200C-46E7-9D04-CA8E412F1B6B}.AppStore|ARM.Build.0 = Release|Any CPU
		{95BA2FC4-200C-46E7-9D04-CA8E412F1B6B}.AppStore|ARM.Deploy.0 = Release|Any CPU
		{95BA2FC4-200C-46E7-9D04-CA8E412F1B6B}.AppStore|iPhone.ActiveCfg = Release|Any CPU
		{95BA2FC4-200C-46E7-9D04-CA8E412F1B6B}.AppStore|iPhone.Build.0 = Release|Any CPU
		{95BA2FC4-200C-46E7-9D04-CA8E412F1B6B}.AppStore|iPhone.Deploy.0 = Release|Any CPU
		{95BA2FC4-200C-46E7-9D04-CA8E412F1B6B}.AppStore|iPhoneSimulator.ActiveCfg = Release|Any CPU
		{95BA2FC4-200C-46E7-9D04-CA8E412F1B6B}.AppStore|iPhoneSimulator.Build.0 = Release|Any CPU
		{95BA2FC4-200C-46E7-9D04-CA8E412F1B6B}.AppStore|iPhoneSimulator.Deploy.0 = Release|Any CPU
		{95BA2FC4-200C-46E7-9D04-CA8E412F1B6B}.AppStore|x64.ActiveCfg = Release|Any CPU
		{95BA2FC4-200C-46E7-9D04-CA8E412F1B6B}.AppStore|x64.Build.0 = Release|Any CPU
		{95BA2FC4-200C-46E7-9D04-CA8E412F1B6B}.AppStore|x64.Deploy.0 = Release|Any CPU
		{95BA2FC4-200C-46E7-9D04-CA8E412F1B6B}.AppStore|x86.ActiveCfg = Release|Any CPU
		{95BA2FC4-200C-46E7-9D04-CA8E412F1B6B}.AppStore|x86.Build.0 = Release|Any CPU
		{95BA2FC4-200C-46E7-9D04-CA8E412F1B6B}.AppStore|x86.Deploy.0 = Release|Any CPU
		{95BA2FC4-200C-46E7-9D04-CA8E412F1B6B}.Debug|Any CPU.ActiveCfg = Debug|Any CPU
		{95BA2FC4-200C-46E7-9D04-CA8E412F1B6B}.Debug|Any CPU.Build.0 = Debug|Any CPU
		{95BA2FC4-200C-46E7-9D04-CA8E412F1B6B}.Debug|Any CPU.Deploy.0 = Debug|Any CPU
		{95BA2FC4-200C-46E7-9D04-CA8E412F1B6B}.Debug|ARM.ActiveCfg = Debug|Any CPU
		{95BA2FC4-200C-46E7-9D04-CA8E412F1B6B}.Debug|ARM.Build.0 = Debug|Any CPU
		{95BA2FC4-200C-46E7-9D04-CA8E412F1B6B}.Debug|ARM.Deploy.0 = Debug|Any CPU
		{95BA2FC4-200C-46E7-9D04-CA8E412F1B6B}.Debug|iPhone.ActiveCfg = Debug|Any CPU
		{95BA2FC4-200C-46E7-9D04-CA8E412F1B6B}.Debug|iPhone.Build.0 = Debug|Any CPU
		{95BA2FC4-200C-46E7-9D04-CA8E412F1B6B}.Debug|iPhone.Deploy.0 = Debug|Any CPU
		{95BA2FC4-200C-46E7-9D04-CA8E412F1B6B}.Debug|iPhoneSimulator.ActiveCfg = Debug|Any CPU
		{95BA2FC4-200C-46E7-9D04-CA8E412F1B6B}.Debug|iPhoneSimulator.Build.0 = Debug|Any CPU
		{95BA2FC4-200C-46E7-9D04-CA8E412F1B6B}.Debug|iPhoneSimulator.Deploy.0 = Debug|Any CPU
		{95BA2FC4-200C-46E7-9D04-CA8E412F1B6B}.Debug|x64.ActiveCfg = Debug|Any CPU
		{95BA2FC4-200C-46E7-9D04-CA8E412F1B6B}.Debug|x64.Build.0 = Debug|Any CPU
		{95BA2FC4-200C-46E7-9D04-CA8E412F1B6B}.Debug|x64.Deploy.0 = Debug|Any CPU
		{95BA2FC4-200C-46E7-9D04-CA8E412F1B6B}.Debug|x86.ActiveCfg = Debug|Any CPU
		{95BA2FC4-200C-46E7-9D04-CA8E412F1B6B}.Debug|x86.Build.0 = Debug|Any CPU
		{95BA2FC4-200C-46E7-9D04-CA8E412F1B6B}.Debug|x86.Deploy.0 = Debug|Any CPU
		{95BA2FC4-200C-46E7-9D04-CA8E412F1B6B}.Release|Any CPU.ActiveCfg = Release|Any CPU
		{95BA2FC4-200C-46E7-9D04-CA8E412F1B6B}.Release|Any CPU.Build.0 = Release|Any CPU
		{95BA2FC4-200C-46E7-9D04-CA8E412F1B6B}.Release|Any CPU.Deploy.0 = Release|Any CPU
		{95BA2FC4-200C-46E7-9D04-CA8E412F1B6B}.Release|ARM.ActiveCfg = Release|Any CPU
		{95BA2FC4-200C-46E7-9D04-CA8E412F1B6B}.Release|ARM.Build.0 = Release|Any CPU
		{95BA2FC4-200C-46E7-9D04-CA8E412F1B6B}.Release|ARM.Deploy.0 = Release|Any CPU
		{95BA2FC4-200C-46E7-9D04-CA8E412F1B6B}.Release|iPhone.ActiveCfg = Release|Any CPU
		{95BA2FC4-200C-46E7-9D04-CA8E412F1B6B}.Release|iPhone.Build.0 = Release|Any CPU
		{95BA2FC4-200C-46E7-9D04-CA8E412F1B6B}.Release|iPhone.Deploy.0 = Release|Any CPU
		{95BA2FC4-200C-46E7-9D04-CA8E412F1B6B}.Release|iPhoneSimulator.ActiveCfg = Release|Any CPU
		{95BA2FC4-200C-46E7-9D04-CA8E412F1B6B}.Release|iPhoneSimulator.Build.0 = Release|Any CPU
		{95BA2FC4-200C-46E7-9D04-CA8E412F1B6B}.Release|iPhoneSimulator.Deploy.0 = Release|Any CPU
		{95BA2FC4-200C-46E7-9D04-CA8E412F1B6B}.Release|x64.ActiveCfg = Release|Any CPU
		{95BA2FC4-200C-46E7-9D04-CA8E412F1B6B}.Release|x64.Build.0 = Release|Any CPU
		{95BA2FC4-200C-46E7-9D04-CA8E412F1B6B}.Release|x64.Deploy.0 = Release|Any CPU
		{95BA2FC4-200C-46E7-9D04-CA8E412F1B6B}.Release|x86.ActiveCfg = Release|Any CPU
		{95BA2FC4-200C-46E7-9D04-CA8E412F1B6B}.Release|x86.Build.0 = Release|Any CPU
		{95BA2FC4-200C-46E7-9D04-CA8E412F1B6B}.Release|x86.Deploy.0 = Release|Any CPU
		{C5661A17-2C29-449A-A97A-99077F00C56A}.Ad-Hoc|Any CPU.ActiveCfg = Ad-Hoc|iPhone
		{C5661A17-2C29-449A-A97A-99077F00C56A}.Ad-Hoc|Any CPU.Build.0 = Ad-Hoc|iPhone
		{C5661A17-2C29-449A-A97A-99077F00C56A}.Ad-Hoc|Any CPU.Deploy.0 = Ad-Hoc|iPhone
		{C5661A17-2C29-449A-A97A-99077F00C56A}.Ad-Hoc|ARM.ActiveCfg = Ad-Hoc|iPhone
		{C5661A17-2C29-449A-A97A-99077F00C56A}.Ad-Hoc|ARM.Build.0 = Ad-Hoc|iPhone
		{C5661A17-2C29-449A-A97A-99077F00C56A}.Ad-Hoc|ARM.Deploy.0 = Ad-Hoc|iPhone
		{C5661A17-2C29-449A-A97A-99077F00C56A}.Ad-Hoc|iPhone.ActiveCfg = Ad-Hoc|iPhone
		{C5661A17-2C29-449A-A97A-99077F00C56A}.Ad-Hoc|iPhone.Build.0 = Ad-Hoc|iPhone
		{C5661A17-2C29-449A-A97A-99077F00C56A}.Ad-Hoc|iPhone.Deploy.0 = Ad-Hoc|iPhone
		{C5661A17-2C29-449A-A97A-99077F00C56A}.Ad-Hoc|iPhoneSimulator.ActiveCfg = Ad-Hoc|iPhoneSimulator
		{C5661A17-2C29-449A-A97A-99077F00C56A}.Ad-Hoc|iPhoneSimulator.Build.0 = Ad-Hoc|iPhoneSimulator
		{C5661A17-2C29-449A-A97A-99077F00C56A}.Ad-Hoc|iPhoneSimulator.Deploy.0 = Ad-Hoc|iPhoneSimulator
		{C5661A17-2C29-449A-A97A-99077F00C56A}.Ad-Hoc|x64.ActiveCfg = Ad-Hoc|iPhone
		{C5661A17-2C29-449A-A97A-99077F00C56A}.Ad-Hoc|x64.Build.0 = Ad-Hoc|iPhone
		{C5661A17-2C29-449A-A97A-99077F00C56A}.Ad-Hoc|x64.Deploy.0 = Ad-Hoc|iPhone
		{C5661A17-2C29-449A-A97A-99077F00C56A}.Ad-Hoc|x86.ActiveCfg = Ad-Hoc|iPhone
		{C5661A17-2C29-449A-A97A-99077F00C56A}.Ad-Hoc|x86.Build.0 = Ad-Hoc|iPhone
		{C5661A17-2C29-449A-A97A-99077F00C56A}.Ad-Hoc|x86.Deploy.0 = Ad-Hoc|iPhone
		{C5661A17-2C29-449A-A97A-99077F00C56A}.AppStore|Any CPU.ActiveCfg = AppStore|iPhone
		{C5661A17-2C29-449A-A97A-99077F00C56A}.AppStore|Any CPU.Build.0 = AppStore|iPhone
		{C5661A17-2C29-449A-A97A-99077F00C56A}.AppStore|Any CPU.Deploy.0 = AppStore|iPhone
		{C5661A17-2C29-449A-A97A-99077F00C56A}.AppStore|ARM.ActiveCfg = AppStore|iPhone
		{C5661A17-2C29-449A-A97A-99077F00C56A}.AppStore|ARM.Build.0 = AppStore|iPhone
		{C5661A17-2C29-449A-A97A-99077F00C56A}.AppStore|ARM.Deploy.0 = AppStore|iPhone
		{C5661A17-2C29-449A-A97A-99077F00C56A}.AppStore|iPhone.ActiveCfg = AppStore|iPhone
		{C5661A17-2C29-449A-A97A-99077F00C56A}.AppStore|iPhone.Build.0 = AppStore|iPhone
		{C5661A17-2C29-449A-A97A-99077F00C56A}.AppStore|iPhone.Deploy.0 = AppStore|iPhone
		{C5661A17-2C29-449A-A97A-99077F00C56A}.AppStore|iPhoneSimulator.ActiveCfg = AppStore|iPhoneSimulator
		{C5661A17-2C29-449A-A97A-99077F00C56A}.AppStore|iPhoneSimulator.Build.0 = AppStore|iPhoneSimulator
		{C5661A17-2C29-449A-A97A-99077F00C56A}.AppStore|iPhoneSimulator.Deploy.0 = AppStore|iPhoneSimulator
		{C5661A17-2C29-449A-A97A-99077F00C56A}.AppStore|x64.ActiveCfg = AppStore|iPhone
		{C5661A17-2C29-449A-A97A-99077F00C56A}.AppStore|x64.Build.0 = AppStore|iPhone
		{C5661A17-2C29-449A-A97A-99077F00C56A}.AppStore|x64.Deploy.0 = AppStore|iPhone
		{C5661A17-2C29-449A-A97A-99077F00C56A}.AppStore|x86.ActiveCfg = AppStore|iPhone
		{C5661A17-2C29-449A-A97A-99077F00C56A}.AppStore|x86.Build.0 = AppStore|iPhone
		{C5661A17-2C29-449A-A97A-99077F00C56A}.AppStore|x86.Deploy.0 = AppStore|iPhone
		{C5661A17-2C29-449A-A97A-99077F00C56A}.Debug|Any CPU.ActiveCfg = Debug|iPhoneSimulator
		{C5661A17-2C29-449A-A97A-99077F00C56A}.Debug|Any CPU.Build.0 = Debug|iPhoneSimulator
		{C5661A17-2C29-449A-A97A-99077F00C56A}.Debug|Any CPU.Deploy.0 = Debug|iPhoneSimulator
		{C5661A17-2C29-449A-A97A-99077F00C56A}.Debug|ARM.ActiveCfg = Debug|iPhone
		{C5661A17-2C29-449A-A97A-99077F00C56A}.Debug|ARM.Build.0 = Debug|iPhone
		{C5661A17-2C29-449A-A97A-99077F00C56A}.Debug|ARM.Deploy.0 = Debug|iPhone
		{C5661A17-2C29-449A-A97A-99077F00C56A}.Debug|iPhone.ActiveCfg = Debug|iPhone
		{C5661A17-2C29-449A-A97A-99077F00C56A}.Debug|iPhone.Build.0 = Debug|iPhone
		{C5661A17-2C29-449A-A97A-99077F00C56A}.Debug|iPhone.Deploy.0 = Debug|iPhone
		{C5661A17-2C29-449A-A97A-99077F00C56A}.Debug|iPhoneSimulator.ActiveCfg = Debug|iPhoneSimulator
		{C5661A17-2C29-449A-A97A-99077F00C56A}.Debug|iPhoneSimulator.Build.0 = Debug|iPhoneSimulator
		{C5661A17-2C29-449A-A97A-99077F00C56A}.Debug|iPhoneSimulator.Deploy.0 = Debug|iPhoneSimulator
		{C5661A17-2C29-449A-A97A-99077F00C56A}.Debug|x64.ActiveCfg = Debug|iPhone
		{C5661A17-2C29-449A-A97A-99077F00C56A}.Debug|x64.Build.0 = Debug|iPhone
		{C5661A17-2C29-449A-A97A-99077F00C56A}.Debug|x64.Deploy.0 = Debug|iPhone
		{C5661A17-2C29-449A-A97A-99077F00C56A}.Debug|x86.ActiveCfg = Debug|iPhone
		{C5661A17-2C29-449A-A97A-99077F00C56A}.Debug|x86.Build.0 = Debug|iPhone
		{C5661A17-2C29-449A-A97A-99077F00C56A}.Debug|x86.Deploy.0 = Debug|iPhone
		{C5661A17-2C29-449A-A97A-99077F00C56A}.Release|Any CPU.ActiveCfg = Release|iPhone
		{C5661A17-2C29-449A-A97A-99077F00C56A}.Release|Any CPU.Build.0 = Release|iPhone
		{C5661A17-2C29-449A-A97A-99077F00C56A}.Release|Any CPU.Deploy.0 = Release|iPhone
		{C5661A17-2C29-449A-A97A-99077F00C56A}.Release|ARM.ActiveCfg = Release|iPhone
		{C5661A17-2C29-449A-A97A-99077F00C56A}.Release|ARM.Build.0 = Release|iPhone
		{C5661A17-2C29-449A-A97A-99077F00C56A}.Release|ARM.Deploy.0 = Release|iPhone
		{C5661A17-2C29-449A-A97A-99077F00C56A}.Release|iPhone.ActiveCfg = Release|iPhone
		{C5661A17-2C29-449A-A97A-99077F00C56A}.Release|iPhone.Build.0 = Release|iPhone
		{C5661A17-2C29-449A-A97A-99077F00C56A}.Release|iPhone.Deploy.0 = Release|iPhone
		{C5661A17-2C29-449A-A97A-99077F00C56A}.Release|iPhoneSimulator.ActiveCfg = Release|iPhoneSimulator
		{C5661A17-2C29-449A-A97A-99077F00C56A}.Release|iPhoneSimulator.Build.0 = Release|iPhoneSimulator
		{C5661A17-2C29-449A-A97A-99077F00C56A}.Release|iPhoneSimulator.Deploy.0 = Release|iPhoneSimulator
		{C5661A17-2C29-449A-A97A-99077F00C56A}.Release|x64.ActiveCfg = Release|iPhone
		{C5661A17-2C29-449A-A97A-99077F00C56A}.Release|x64.Build.0 = Release|iPhone
		{C5661A17-2C29-449A-A97A-99077F00C56A}.Release|x64.Deploy.0 = Release|iPhone
		{C5661A17-2C29-449A-A97A-99077F00C56A}.Release|x86.ActiveCfg = Release|iPhone
		{C5661A17-2C29-449A-A97A-99077F00C56A}.Release|x86.Build.0 = Release|iPhone
		{C5661A17-2C29-449A-A97A-99077F00C56A}.Release|x86.Deploy.0 = Release|iPhone
		{A51671F2-F1F9-4074-AA40-E2696757FEB3}.Ad-Hoc|Any CPU.ActiveCfg = Release|x86
		{A51671F2-F1F9-4074-AA40-E2696757FEB3}.Ad-Hoc|Any CPU.Build.0 = Release|x86
		{A51671F2-F1F9-4074-AA40-E2696757FEB3}.Ad-Hoc|Any CPU.Deploy.0 = Release|x86
		{A51671F2-F1F9-4074-AA40-E2696757FEB3}.Ad-Hoc|ARM.ActiveCfg = Release|ARM
		{A51671F2-F1F9-4074-AA40-E2696757FEB3}.Ad-Hoc|ARM.Build.0 = Release|ARM
		{A51671F2-F1F9-4074-AA40-E2696757FEB3}.Ad-Hoc|ARM.Deploy.0 = Release|ARM
		{A51671F2-F1F9-4074-AA40-E2696757FEB3}.Ad-Hoc|iPhone.ActiveCfg = Release|x86
		{A51671F2-F1F9-4074-AA40-E2696757FEB3}.Ad-Hoc|iPhone.Build.0 = Release|x86
		{A51671F2-F1F9-4074-AA40-E2696757FEB3}.Ad-Hoc|iPhone.Deploy.0 = Release|x86
		{A51671F2-F1F9-4074-AA40-E2696757FEB3}.Ad-Hoc|iPhoneSimulator.ActiveCfg = Release|x86
		{A51671F2-F1F9-4074-AA40-E2696757FEB3}.Ad-Hoc|iPhoneSimulator.Build.0 = Release|x86
		{A51671F2-F1F9-4074-AA40-E2696757FEB3}.Ad-Hoc|iPhoneSimulator.Deploy.0 = Release|x86
		{A51671F2-F1F9-4074-AA40-E2696757FEB3}.Ad-Hoc|x64.ActiveCfg = Release|x64
		{A51671F2-F1F9-4074-AA40-E2696757FEB3}.Ad-Hoc|x64.Build.0 = Release|x64
		{A51671F2-F1F9-4074-AA40-E2696757FEB3}.Ad-Hoc|x64.Deploy.0 = Release|x64
		{A51671F2-F1F9-4074-AA40-E2696757FEB3}.Ad-Hoc|x86.ActiveCfg = Release|x86
		{A51671F2-F1F9-4074-AA40-E2696757FEB3}.Ad-Hoc|x86.Build.0 = Release|x86
		{A51671F2-F1F9-4074-AA40-E2696757FEB3}.Ad-Hoc|x86.Deploy.0 = Release|x86
		{A51671F2-F1F9-4074-AA40-E2696757FEB3}.AppStore|Any CPU.ActiveCfg = Release|x86
		{A51671F2-F1F9-4074-AA40-E2696757FEB3}.AppStore|Any CPU.Build.0 = Release|x86
		{A51671F2-F1F9-4074-AA40-E2696757FEB3}.AppStore|Any CPU.Deploy.0 = Release|x86
		{A51671F2-F1F9-4074-AA40-E2696757FEB3}.AppStore|ARM.ActiveCfg = Release|ARM
		{A51671F2-F1F9-4074-AA40-E2696757FEB3}.AppStore|ARM.Build.0 = Release|ARM
		{A51671F2-F1F9-4074-AA40-E2696757FEB3}.AppStore|ARM.Deploy.0 = Release|ARM
		{A51671F2-F1F9-4074-AA40-E2696757FEB3}.AppStore|iPhone.ActiveCfg = Release|x86
		{A51671F2-F1F9-4074-AA40-E2696757FEB3}.AppStore|iPhone.Build.0 = Release|x86
		{A51671F2-F1F9-4074-AA40-E2696757FEB3}.AppStore|iPhone.Deploy.0 = Release|x86
		{A51671F2-F1F9-4074-AA40-E2696757FEB3}.AppStore|iPhoneSimulator.ActiveCfg = Release|x86
		{A51671F2-F1F9-4074-AA40-E2696757FEB3}.AppStore|iPhoneSimulator.Build.0 = Release|x86
		{A51671F2-F1F9-4074-AA40-E2696757FEB3}.AppStore|iPhoneSimulator.Deploy.0 = Release|x86
		{A51671F2-F1F9-4074-AA40-E2696757FEB3}.AppStore|x64.ActiveCfg = Release|x64
		{A51671F2-F1F9-4074-AA40-E2696757FEB3}.AppStore|x64.Build.0 = Release|x64
		{A51671F2-F1F9-4074-AA40-E2696757FEB3}.AppStore|x64.Deploy.0 = Release|x64
		{A51671F2-F1F9-4074-AA40-E2696757FEB3}.AppStore|x86.ActiveCfg = Release|x86
		{A51671F2-F1F9-4074-AA40-E2696757FEB3}.AppStore|x86.Build.0 = Release|x86
		{A51671F2-F1F9-4074-AA40-E2696757FEB3}.AppStore|x86.Deploy.0 = Release|x86
		{A51671F2-F1F9-4074-AA40-E2696757FEB3}.Debug|Any CPU.ActiveCfg = Debug|x86
		{A51671F2-F1F9-4074-AA40-E2696757FEB3}.Debug|Any CPU.Build.0 = Debug|x86
		{A51671F2-F1F9-4074-AA40-E2696757FEB3}.Debug|Any CPU.Deploy.0 = Debug|x86
		{A51671F2-F1F9-4074-AA40-E2696757FEB3}.Debug|ARM.ActiveCfg = Debug|ARM
		{A51671F2-F1F9-4074-AA40-E2696757FEB3}.Debug|ARM.Build.0 = Debug|ARM
		{A51671F2-F1F9-4074-AA40-E2696757FEB3}.Debug|ARM.Deploy.0 = Debug|ARM
		{A51671F2-F1F9-4074-AA40-E2696757FEB3}.Debug|iPhone.ActiveCfg = Debug|x86
		{A51671F2-F1F9-4074-AA40-E2696757FEB3}.Debug|iPhone.Build.0 = Debug|x86
		{A51671F2-F1F9-4074-AA40-E2696757FEB3}.Debug|iPhone.Deploy.0 = Debug|x86
		{A51671F2-F1F9-4074-AA40-E2696757FEB3}.Debug|iPhoneSimulator.ActiveCfg = Debug|x86
		{A51671F2-F1F9-4074-AA40-E2696757FEB3}.Debug|iPhoneSimulator.Build.0 = Debug|x86
		{A51671F2-F1F9-4074-AA40-E2696757FEB3}.Debug|iPhoneSimulator.Deploy.0 = Debug|x86
		{A51671F2-F1F9-4074-AA40-E2696757FEB3}.Debug|x64.ActiveCfg = Debug|x64
		{A51671F2-F1F9-4074-AA40-E2696757FEB3}.Debug|x64.Build.0 = Debug|x64
		{A51671F2-F1F9-4074-AA40-E2696757FEB3}.Debug|x64.Deploy.0 = Debug|x64
		{A51671F2-F1F9-4074-AA40-E2696757FEB3}.Debug|x86.ActiveCfg = Debug|x86
		{A51671F2-F1F9-4074-AA40-E2696757FEB3}.Debug|x86.Build.0 = Debug|x86
		{A51671F2-F1F9-4074-AA40-E2696757FEB3}.Debug|x86.Deploy.0 = Debug|x86
		{A51671F2-F1F9-4074-AA40-E2696757FEB3}.Release|Any CPU.ActiveCfg = Release|x86
		{A51671F2-F1F9-4074-AA40-E2696757FEB3}.Release|Any CPU.Build.0 = Release|x86
		{A51671F2-F1F9-4074-AA40-E2696757FEB3}.Release|Any CPU.Deploy.0 = Release|x86
		{A51671F2-F1F9-4074-AA40-E2696757FEB3}.Release|ARM.ActiveCfg = Release|ARM
		{A51671F2-F1F9-4074-AA40-E2696757FEB3}.Release|ARM.Build.0 = Release|ARM
		{A51671F2-F1F9-4074-AA40-E2696757FEB3}.Release|ARM.Deploy.0 = Release|ARM
		{A51671F2-F1F9-4074-AA40-E2696757FEB3}.Release|iPhone.ActiveCfg = Release|x86
		{A51671F2-F1F9-4074-AA40-E2696757FEB3}.Release|iPhone.Build.0 = Release|x86
		{A51671F2-F1F9-4074-AA40-E2696757FEB3}.Release|iPhone.Deploy.0 = Release|x86
		{A51671F2-F1F9-4074-AA40-E2696757FEB3}.Release|iPhoneSimulator.ActiveCfg = Release|x86
		{A51671F2-F1F9-4074-AA40-E2696757FEB3}.Release|iPhoneSimulator.Build.0 = Release|x86
		{A51671F2-F1F9-4074-AA40-E2696757FEB3}.Release|iPhoneSimulator.Deploy.0 = Release|x86
		{A51671F2-F1F9-4074-AA40-E2696757FEB3}.Release|x64.ActiveCfg = Release|x64
		{A51671F2-F1F9-4074-AA40-E2696757FEB3}.Release|x64.Build.0 = Release|x64
		{A51671F2-F1F9-4074-AA40-E2696757FEB3}.Release|x64.Deploy.0 = Release|x64
		{A51671F2-F1F9-4074-AA40-E2696757FEB3}.Release|x86.ActiveCfg = Release|x86
		{A51671F2-F1F9-4074-AA40-E2696757FEB3}.Release|x86.Build.0 = Release|x86
		{A51671F2-F1F9-4074-AA40-E2696757FEB3}.Release|x86.Deploy.0 = Release|x86
		{BE5132D6-4867-4861-B978-676929E07107}.Ad-Hoc|Any CPU.ActiveCfg = Debug|Any CPU
		{BE5132D6-4867-4861-B978-676929E07107}.Ad-Hoc|Any CPU.Build.0 = Debug|Any CPU
		{BE5132D6-4867-4861-B978-676929E07107}.Ad-Hoc|Any CPU.Deploy.0 = Debug|Any CPU
		{BE5132D6-4867-4861-B978-676929E07107}.Ad-Hoc|ARM.ActiveCfg = Debug|Any CPU
		{BE5132D6-4867-4861-B978-676929E07107}.Ad-Hoc|ARM.Build.0 = Debug|Any CPU
		{BE5132D6-4867-4861-B978-676929E07107}.Ad-Hoc|ARM.Deploy.0 = Debug|Any CPU
		{BE5132D6-4867-4861-B978-676929E07107}.Ad-Hoc|iPhone.ActiveCfg = Debug|Any CPU
		{BE5132D6-4867-4861-B978-676929E07107}.Ad-Hoc|iPhone.Build.0 = Debug|Any CPU
		{BE5132D6-4867-4861-B978-676929E07107}.Ad-Hoc|iPhone.Deploy.0 = Debug|Any CPU
		{BE5132D6-4867-4861-B978-676929E07107}.Ad-Hoc|iPhoneSimulator.ActiveCfg = Debug|Any CPU
		{BE5132D6-4867-4861-B978-676929E07107}.Ad-Hoc|iPhoneSimulator.Build.0 = Debug|Any CPU
		{BE5132D6-4867-4861-B978-676929E07107}.Ad-Hoc|iPhoneSimulator.Deploy.0 = Debug|Any CPU
		{BE5132D6-4867-4861-B978-676929E07107}.Ad-Hoc|x64.ActiveCfg = Debug|Any CPU
		{BE5132D6-4867-4861-B978-676929E07107}.Ad-Hoc|x64.Build.0 = Debug|Any CPU
		{BE5132D6-4867-4861-B978-676929E07107}.Ad-Hoc|x64.Deploy.0 = Debug|Any CPU
		{BE5132D6-4867-4861-B978-676929E07107}.Ad-Hoc|x86.ActiveCfg = Debug|Any CPU
		{BE5132D6-4867-4861-B978-676929E07107}.Ad-Hoc|x86.Build.0 = Debug|Any CPU
		{BE5132D6-4867-4861-B978-676929E07107}.Ad-Hoc|x86.Deploy.0 = Debug|Any CPU
		{BE5132D6-4867-4861-B978-676929E07107}.AppStore|Any CPU.ActiveCfg = Debug|Any CPU
		{BE5132D6-4867-4861-B978-676929E07107}.AppStore|Any CPU.Build.0 = Debug|Any CPU
		{BE5132D6-4867-4861-B978-676929E07107}.AppStore|Any CPU.Deploy.0 = Debug|Any CPU
		{BE5132D6-4867-4861-B978-676929E07107}.AppStore|ARM.ActiveCfg = Debug|Any CPU
		{BE5132D6-4867-4861-B978-676929E07107}.AppStore|ARM.Build.0 = Debug|Any CPU
		{BE5132D6-4867-4861-B978-676929E07107}.AppStore|ARM.Deploy.0 = Debug|Any CPU
		{BE5132D6-4867-4861-B978-676929E07107}.AppStore|iPhone.ActiveCfg = Debug|Any CPU
		{BE5132D6-4867-4861-B978-676929E07107}.AppStore|iPhone.Build.0 = Debug|Any CPU
		{BE5132D6-4867-4861-B978-676929E07107}.AppStore|iPhone.Deploy.0 = Debug|Any CPU
		{BE5132D6-4867-4861-B978-676929E07107}.AppStore|iPhoneSimulator.ActiveCfg = Debug|Any CPU
		{BE5132D6-4867-4861-B978-676929E07107}.AppStore|iPhoneSimulator.Build.0 = Debug|Any CPU
		{BE5132D6-4867-4861-B978-676929E07107}.AppStore|iPhoneSimulator.Deploy.0 = Debug|Any CPU
		{BE5132D6-4867-4861-B978-676929E07107}.AppStore|x64.ActiveCfg = Debug|Any CPU
		{BE5132D6-4867-4861-B978-676929E07107}.AppStore|x64.Build.0 = Debug|Any CPU
		{BE5132D6-4867-4861-B978-676929E07107}.AppStore|x64.Deploy.0 = Debug|Any CPU
		{BE5132D6-4867-4861-B978-676929E07107}.AppStore|x86.ActiveCfg = Debug|Any CPU
		{BE5132D6-4867-4861-B978-676929E07107}.AppStore|x86.Build.0 = Debug|Any CPU
		{BE5132D6-4867-4861-B978-676929E07107}.AppStore|x86.Deploy.0 = Debug|Any CPU
		{BE5132D6-4867-4861-B978-676929E07107}.Debug|Any CPU.ActiveCfg = Debug|Any CPU
		{BE5132D6-4867-4861-B978-676929E07107}.Debug|Any CPU.Build.0 = Debug|Any CPU
		{BE5132D6-4867-4861-B978-676929E07107}.Debug|Any CPU.Deploy.0 = Debug|Any CPU
		{BE5132D6-4867-4861-B978-676929E07107}.Debug|ARM.ActiveCfg = Debug|Any CPU
		{BE5132D6-4867-4861-B978-676929E07107}.Debug|ARM.Build.0 = Debug|Any CPU
		{BE5132D6-4867-4861-B978-676929E07107}.Debug|ARM.Deploy.0 = Debug|Any CPU
		{BE5132D6-4867-4861-B978-676929E07107}.Debug|iPhone.ActiveCfg = Debug|Any CPU
		{BE5132D6-4867-4861-B978-676929E07107}.Debug|iPhone.Build.0 = Debug|Any CPU
		{BE5132D6-4867-4861-B978-676929E07107}.Debug|iPhone.Deploy.0 = Debug|Any CPU
		{BE5132D6-4867-4861-B978-676929E07107}.Debug|iPhoneSimulator.ActiveCfg = Debug|Any CPU
		{BE5132D6-4867-4861-B978-676929E07107}.Debug|iPhoneSimulator.Build.0 = Debug|Any CPU
		{BE5132D6-4867-4861-B978-676929E07107}.Debug|iPhoneSimulator.Deploy.0 = Debug|Any CPU
		{BE5132D6-4867-4861-B978-676929E07107}.Debug|x64.ActiveCfg = Debug|Any CPU
		{BE5132D6-4867-4861-B978-676929E07107}.Debug|x64.Build.0 = Debug|Any CPU
		{BE5132D6-4867-4861-B978-676929E07107}.Debug|x64.Deploy.0 = Debug|Any CPU
		{BE5132D6-4867-4861-B978-676929E07107}.Debug|x86.ActiveCfg = Debug|Any CPU
		{BE5132D6-4867-4861-B978-676929E07107}.Debug|x86.Build.0 = Debug|Any CPU
		{BE5132D6-4867-4861-B978-676929E07107}.Debug|x86.Deploy.0 = Debug|Any CPU
		{BE5132D6-4867-4861-B978-676929E07107}.Release|Any CPU.ActiveCfg = Release|Any CPU
		{BE5132D6-4867-4861-B978-676929E07107}.Release|Any CPU.Build.0 = Release|Any CPU
		{BE5132D6-4867-4861-B978-676929E07107}.Release|Any CPU.Deploy.0 = Release|Any CPU
		{BE5132D6-4867-4861-B978-676929E07107}.Release|ARM.ActiveCfg = Release|Any CPU
		{BE5132D6-4867-4861-B978-676929E07107}.Release|ARM.Build.0 = Release|Any CPU
		{BE5132D6-4867-4861-B978-676929E07107}.Release|ARM.Deploy.0 = Release|Any CPU
		{BE5132D6-4867-4861-B978-676929E07107}.Release|iPhone.ActiveCfg = Release|Any CPU
		{BE5132D6-4867-4861-B978-676929E07107}.Release|iPhone.Build.0 = Release|Any CPU
		{BE5132D6-4867-4861-B978-676929E07107}.Release|iPhone.Deploy.0 = Release|Any CPU
		{BE5132D6-4867-4861-B978-676929E07107}.Release|iPhoneSimulator.ActiveCfg = Release|Any CPU
		{BE5132D6-4867-4861-B978-676929E07107}.Release|iPhoneSimulator.Build.0 = Release|Any CPU
		{BE5132D6-4867-4861-B978-676929E07107}.Release|iPhoneSimulator.Deploy.0 = Release|Any CPU
		{BE5132D6-4867-4861-B978-676929E07107}.Release|x64.ActiveCfg = Release|Any CPU
		{BE5132D6-4867-4861-B978-676929E07107}.Release|x64.Build.0 = Release|Any CPU
		{BE5132D6-4867-4861-B978-676929E07107}.Release|x64.Deploy.0 = Release|Any CPU
		{BE5132D6-4867-4861-B978-676929E07107}.Release|x86.ActiveCfg = Release|Any CPU
		{BE5132D6-4867-4861-B978-676929E07107}.Release|x86.Build.0 = Release|Any CPU
		{BE5132D6-4867-4861-B978-676929E07107}.Release|x86.Deploy.0 = Release|Any CPU
	EndGlobalSection
	GlobalSection(SolutionProperties) = preSolution
		HideSolutionNode = FALSE
	EndGlobalSection
	GlobalSection(ExtensibilityGlobals) = postSolution
		SolutionGuid = {04B67E7E-5C78-47AF-87EA-62E26D0D8312}
	EndGlobalSection
EndGlobal
